
Microsoft Visual Studio Solution File, Format Version 12.00
# Visual Studio 15
VisualStudioVersion = 15.0.28307.136
MinimumVisualStudioVersion = 10.0.40219.1
Project("{FAE04EC0-301F-11D3-BF4B-00C04F79EFBC}") = "rlb_bd1_poller_app", "rlb_bd1_poller_app\rlb_bd1_poller_app.csproj", "{91C80DAB-6053-4669-9350-9A20156DD422}"
EndProject
Project("{FAE04EC0-301F-11D3-BF4B-00C04F79EFBC}") = "RLBBD1PollerLibrary", "RLBBD1PollerLibrary\RLBBD1PollerLibrary.csproj", "{2CB1ABD7-2D08-4797-8A28-E3E9488CCB9A}"
EndProject
Project("{FAE04EC0-301F-11D3-BF4B-00C04F79EFBC}") = "RLBPollerUnitTests", "RLBPollerUnitTests\RLBPollerUnitTests.csproj", "{53FDC402-1664-4AD8-B427-2B3E2B13159B}"
EndProject
Global
	GlobalSection(SolutionConfigurationPlatforms) = preSolution
		Debug|Any CPU = Debug|Any CPU
		Release|Any CPU = Release|Any CPU
	EndGlobalSection
	GlobalSection(ProjectConfigurationPlatforms) = postSolution
		{91C80DAB-6053-4669-9350-9A20156DD422}.Debug|Any CPU.ActiveCfg = Debug|Any CPU
		{91C80DAB-6053-4669-9350-9A20156DD422}.Debug|Any CPU.Build.0 = Debug|Any CPU
		{91C80DAB-6053-4669-9350-9A20156DD422}.Release|Any CPU.ActiveCfg = Release|Any CPU
		{91C80DAB-6053-4669-9350-9A20156DD422}.Release|Any CPU.Build.0 = Release|Any CPU
		{2CB1ABD7-2D08-4797-8A28-E3E9488CCB9A}.Debug|Any CPU.ActiveCfg = Debug|Any CPU
		{2CB1ABD7-2D08-4797-8A28-E3E9488CCB9A}.Debug|Any CPU.Build.0 = Debug|Any CPU
		{2CB1ABD7-2D08-4797-8A28-E3E9488CCB9A}.Release|Any CPU.ActiveCfg = Release|Any CPU
		{2CB1ABD7-2D08-4797-8A28-E3E9488CCB9A}.Release|Any CPU.Build.0 = Release|Any CPU
		{53FDC402-1664-4AD8-B427-2B3E2B13159B}.Debug|Any CPU.ActiveCfg = Debug|Any CPU
		{53FDC402-1664-4AD8-B427-2B3E2B13159B}.Debug|Any CPU.Build.0 = Debug|Any CPU
		{53FDC402-1664-4AD8-B427-2B3E2B13159B}.Release|Any CPU.ActiveCfg = Release|Any CPU
		{53FDC402-1664-4AD8-B427-2B3E2B13159B}.Release|Any CPU.Build.0 = Release|Any CPU
	EndGlobalSection
	GlobalSection(SolutionProperties) = preSolution
		HideSolutionNode = FALSE
	EndGlobalSection
	GlobalSection(ExtensibilityGlobals) = postSolution
		SolutionGuid = {BCD5A87B-2EF5-49E9-A40F-15B1550886A6}
	EndGlobalSection
EndGlobal
